{
  "requires": true,
  "lockfileVersion": 1,
  "dependencies": {
    "svg.draw.js": {
      "version": "2.0.3",
      "resolved": "https://registry.npmjs.org/svg.draw.js/-/svg.draw.js-2.0.3.tgz",
      "integrity": "sha512-GGK7vBzwdEgr5fJUupqDqYPhQBXxrtBd4CcrgqAt7S4/5REmF6JTSuITeAgfVlfXftOO90t5OqLOtJ4IEEUFVw==",
      "requires": {
        "svg.js": "2.7.1"
      }
    },
    "svg.js": {
      "version": "2.7.1",
      "resolved": "https://registry.npmjs.org/svg.js/-/svg.js-2.7.1.tgz",
      "integrity": "sha512-ycbxpizEQktk3FYvn/8BH+6/EuWXg7ZpQREJvgacqn46gIddG24tNNe4Son6omdXCnSOaApnpZw6MPCBA1dODA=="
    }
  }
}
